
Microsoft Visual Studio Solution File, Format Version 12.00
# Visual Studio Version 17
VisualStudioVersion = 17.3.32929.385
MinimumVisualStudioVersion = 10.0.40219.1
Project("{9A19103F-16F7-4668-BE54-9A1E7A4F7556}") = "Data", "Data\Data.csproj", "{6A6CFC06-EA71-4222-BA9E-835B7AA7EA03}"
EndProject
Project("{9A19103F-16F7-4668-BE54-9A1E7A4F7556}") = "WebAPI", "WebAPI\WebAPI.csproj", "{FBBC8B84-27B0-4EB0-9B3E-390B3D716483}"
EndProject
Global
	GlobalSection(SolutionConfigurationPlatforms) = preSolution
		Debug|Any CPU = Debug|Any CPU
		Release|Any CPU = Release|Any CPU
	EndGlobalSection
	GlobalSection(ProjectConfigurationPlatforms) = postSolution
		{6A6CFC06-EA71-4222-BA9E-835B7AA7EA03}.Debug|Any CPU.ActiveCfg = Debug|Any CPU
		{6A6CFC06-EA71-4222-BA9E-835B7AA7EA03}.Debug|Any CPU.Build.0 = Debug|Any CPU
		{6A6CFC06-EA71-4222-BA9E-835B7AA7EA03}.Release|Any CPU.ActiveCfg = Release|Any CPU
		{6A6CFC06-EA71-4222-BA9E-835B7AA7EA03}.Release|Any CPU.Build.0 = Release|Any CPU
		{FBBC8B84-27B0-4EB0-9B3E-390B3D716483}.Debug|Any CPU.ActiveCfg = Debug|Any CPU
		{FBBC8B84-27B0-4EB0-9B3E-390B3D716483}.Debug|Any CPU.Build.0 = Debug|Any CPU
		{FBBC8B84-27B0-4EB0-9B3E-390B3D716483}.Release|Any CPU.ActiveCfg = Release|Any CPU
		{FBBC8B84-27B0-4EB0-9B3E-390B3D716483}.Release|Any CPU.Build.0 = Release|Any CPU
	EndGlobalSection
	GlobalSection(SolutionProperties) = preSolution
		HideSolutionNode = FALSE
	EndGlobalSection
	GlobalSection(ExtensibilityGlobals) = postSolution
		SolutionGuid = {F5BD05BB-3365-4DC1-A325-A8587CC994DF}
	EndGlobalSection
EndGlobal
